
Microsoft Visual Studio Solution File, Format Version 12.00
# Visual Studio 15
Project("{FAE04EC0-301F-11D3-BF4B-00C04F79EFBC}") = "UnityEngine.TestRunner", "UnityEngine.TestRunner.csproj", "{5E341BC7-4206-E49C-0915-7B6C38711C7C}"
EndProject
Project("{FAE04EC0-301F-11D3-BF4B-00C04F79EFBC}") = "Unity.2D.Animation.Triangle.Runtime", "Unity.2D.Animation.Triangle.Runtime.csproj", "{93FF5819-4AF3-BBEA-AABF-A4D68F996223}"
EndProject
Project("{FAE04EC0-301F-11D3-BF4B-00C04F79EFBC}") = "UnityEngine.UI", "UnityEngine.UI.csproj", "{951BFB00-3E45-F1CF-35DE-9B1E908F35EF}"
EndProject
Project("{FAE04EC0-301F-11D3-BF4B-00C04F79EFBC}") = "Unity.TextMeshPro", "Unity.TextMeshPro.csproj", "{D9E17A0C-9AE6-F7D2-979D-E9D4E75040EE}"
EndProject
Project("{FAE04EC0-301F-11D3-BF4B-00C04F79EFBC}") = "Unity.2D.Animation.Runtime", "Unity.2D.Animation.Runtime.csproj", "{C0D1E83D-53BB-616F-788F-D6B99C9AC455}"
EndProject
Project("{FAE04EC0-301F-11D3-BF4B-00C04F79EFBC}") = "Unity.Timeline", "Unity.Timeline.csproj", "{8575E40F-C730-E7BD-3542-F59BFA1771EE}"
EndProject
Project("{FAE04EC0-301F-11D3-BF4B-00C04F79EFBC}") = "Unity.Mathematics", "Unity.Mathematics.csproj", "{B964B883-8AB1-4414-2494-EEFE9AED1B28}"
EndProject
Project("{FAE04EC0-301F-11D3-BF4B-00C04F79EFBC}") = "Unity.2D.SpriteShape.Runtime", "Unity.2D.SpriteShape.Runtime.csproj", "{100597E1-9334-9F70-ECB6-2BDFC267911F}"
EndProject
Project("{FAE04EC0-301F-11D3-BF4B-00C04F79EFBC}") = "Assembly-CSharp", "Assembly-CSharp.csproj", "{84163D0A-72F2-DA38-233B-A9C91203E310}"
EndProject
Project("{FAE04EC0-301F-11D3-BF4B-00C04F79EFBC}") = "Unity.2D.PixelPerfect", "Unity.2D.PixelPerfect.csproj", "{2163519E-3106-4658-7AAE-1B2DB4FFD460}"
EndProject
Project("{FAE04EC0-301F-11D3-BF4B-00C04F79EFBC}") = "Unity.InternalAPIEngineBridge.001", "Unity.InternalAPIEngineBridge.001.csproj", "{37AF5C76-F5BE-1462-B810-08894740F354}"
EndProject
Project("{FAE04EC0-301F-11D3-BF4B-00C04F79EFBC}") = "Unity.2D.Common.Runtime", "Unity.2D.Common.Runtime.csproj", "{80BD60C2-9066-3AE9-0641-C9CF701E7DAA}"
EndProject
Project("{FAE04EC0-301F-11D3-BF4B-00C04F79EFBC}") = "UnityEditor.TestRunner", "UnityEditor.TestRunner.csproj", "{0E05221C-F2AA-9358-10A4-9D25C0ECC2AD}"
EndProject
Project("{FAE04EC0-301F-11D3-BF4B-00C04F79EFBC}") = "Unity.TextMeshPro.Editor", "Unity.TextMeshPro.Editor.csproj", "{51B0C6D2-5978-89C9-E935-809F60B157CE}"
EndProject
Project("{FAE04EC0-301F-11D3-BF4B-00C04F79EFBC}") = "Unity.Timeline.Editor", "Unity.Timeline.Editor.csproj", "{9E6AB3B9-5753-3DFB-59A9-0A7CEAF188FA}"
EndProject
Project("{FAE04EC0-301F-11D3-BF4B-00C04F79EFBC}") = "Unity.2D.Animation.Editor", "Unity.2D.Animation.Editor.csproj", "{E4A28C52-5DDC-4634-489C-D94A457BA8F5}"
EndProject
Project("{FAE04EC0-301F-11D3-BF4B-00C04F79EFBC}") = "Unity.2D.Path.Editor", "Unity.2D.Path.Editor.csproj", "{D8566DBF-F31F-4207-1630-6998D41CC4B5}"
EndProject
Project("{FAE04EC0-301F-11D3-BF4B-00C04F79EFBC}") = "Unity.2D.Sprite.Editor", "Unity.2D.Sprite.Editor.csproj", "{9B7960B2-4260-2B6A-6DAE-AC9021F91904}"
EndProject
Project("{FAE04EC0-301F-11D3-BF4B-00C04F79EFBC}") = "UnityEditor.UI", "UnityEditor.UI.csproj", "{29E38342-5173-1A5B-9B01-4E8804BDDE0D}"
EndProject
Project("{FAE04EC0-301F-11D3-BF4B-00C04F79EFBC}") = "Unity.Rider.Editor", "Unity.Rider.Editor.csproj", "{D583A537-E913-7758-48E0-4981ACB65F95}"
EndProject
Project("{FAE04EC0-301F-11D3-BF4B-00C04F79EFBC}") = "Unity.2D.Tilemap.Editor", "Unity.2D.Tilemap.Editor.csproj", "{F9B7BF78-BDF0-0B98-FA90-164CA061E1EF}"
EndProject
Project("{FAE04EC0-301F-11D3-BF4B-00C04F79EFBC}") = "Unity.2D.SpriteShape.Editor", "Unity.2D.SpriteShape.Editor.csproj", "{9826FC8D-156E-27BE-03E4-17705400F3AA}"
EndProject
Project("{FAE04EC0-301F-11D3-BF4B-00C04F79EFBC}") = "PsdPlugin", "PsdPlugin.csproj", "{20C49665-BC61-6936-C94C-F4038BBF0F7D}"
EndProject
Project("{FAE04EC0-301F-11D3-BF4B-00C04F79EFBC}") = "Unity.CollabProxy.Editor", "Unity.CollabProxy.Editor.csproj", "{53EEFDE5-423A-8D9C-3FF6-B1E9D4AC658E}"
EndProject
Project("{FAE04EC0-301F-11D3-BF4B-00C04F79EFBC}") = "Unity.2D.Common.Editor", "Unity.2D.Common.Editor.csproj", "{D71DCA05-14F9-E137-F578-FF9E1F8BF869}"
EndProject
Project("{FAE04EC0-301F-11D3-BF4B-00C04F79EFBC}") = "Unity.VSCode.Editor", "Unity.VSCode.Editor.csproj", "{EE6B610D-3BE2-F0CE-FBA5-0171AF4C15DB}"
EndProject
Project("{FAE04EC0-301F-11D3-BF4B-00C04F79EFBC}") = "Unity.2D.Psdimporter.Editor", "Unity.2D.Psdimporter.Editor.csproj", "{A0F6B7EF-F188-7A23-7F74-51523BCB840E}"
EndProject
Project("{FAE04EC0-301F-11D3-BF4B-00C04F79EFBC}") = "Unity.2D.PixelPerfect.Editor", "Unity.2D.PixelPerfect.Editor.csproj", "{6363F717-F8E7-EB52-B936-8109A7D48B51}"
EndProject
Project("{FAE04EC0-301F-11D3-BF4B-00C04F79EFBC}") = "Unity.Mathematics.Editor", "Unity.Mathematics.Editor.csproj", "{38BBFABB-F965-AD83-B961-20C0C6861B71}"
EndProject
Project("{FAE04EC0-301F-11D3-BF4B-00C04F79EFBC}") = "Unity.InternalAPIEditorBridge.001", "Unity.InternalAPIEditorBridge.001.csproj", "{AC11129D-7DFF-D4B3-772A-1BE53220924A}"
EndProject
Project("{FAE04EC0-301F-11D3-BF4B-00C04F79EFBC}") = "Assembly-CSharp.Player", "Assembly-CSharp.Player.csproj", "{6066E543-6188-A440-E372-875A7F02E00F}"
EndProject
Global
	GlobalSection(SolutionConfigurationPlatforms) = preSolution
		Debug|Any CPU = Debug|Any CPU
		Release|Any CPU = Release|Any CPU
	EndGlobalSection
	GlobalSection(ProjectConfigurationPlatforms) = postSolution
		{5E341BC7-4206-E49C-0915-7B6C38711C7C}.Debug|Any CPU.ActiveCfg = Debug|Any CPU
		{5E341BC7-4206-E49C-0915-7B6C38711C7C}.Debug|Any CPU.Build.0 = Debug|Any CPU
		{5E341BC7-4206-E49C-0915-7B6C38711C7C}.Release|Any CPU.ActiveCfg = Release|Any CPU
		{5E341BC7-4206-E49C-0915-7B6C38711C7C}.Release|Any CPU.Build.0 = Release|Any CPU
		{93FF5819-4AF3-BBEA-AABF-A4D68F996223}.Debug|Any CPU.ActiveCfg = Debug|Any CPU
		{93FF5819-4AF3-BBEA-AABF-A4D68F996223}.Debug|Any CPU.Build.0 = Debug|Any CPU
		{93FF5819-4AF3-BBEA-AABF-A4D68F996223}.Release|Any CPU.ActiveCfg = Release|Any CPU
		{93FF5819-4AF3-BBEA-AABF-A4D68F996223}.Release|Any CPU.Build.0 = Release|Any CPU
		{951BFB00-3E45-F1CF-35DE-9B1E908F35EF}.Debug|Any CPU.ActiveCfg = Debug|Any CPU
		{951BFB00-3E45-F1CF-35DE-9B1E908F35EF}.Debug|Any CPU.Build.0 = Debug|Any CPU
		{951BFB00-3E45-F1CF-35DE-9B1E908F35EF}.Release|Any CPU.ActiveCfg = Release|Any CPU
		{951BFB00-3E45-F1CF-35DE-9B1E908F35EF}.Release|Any CPU.Build.0 = Release|Any CPU
		{D9E17A0C-9AE6-F7D2-979D-E9D4E75040EE}.Debug|Any CPU.ActiveCfg = Debug|Any CPU
		{D9E17A0C-9AE6-F7D2-979D-E9D4E75040EE}.Debug|Any CPU.Build.0 = Debug|Any CPU
		{D9E17A0C-9AE6-F7D2-979D-E9D4E75040EE}.Release|Any CPU.ActiveCfg = Release|Any CPU
		{D9E17A0C-9AE6-F7D2-979D-E9D4E75040EE}.Release|Any CPU.Build.0 = Release|Any CPU
		{C0D1E83D-53BB-616F-788F-D6B99C9AC455}.Debug|Any CPU.ActiveCfg = Debug|Any CPU
		{C0D1E83D-53BB-616F-788F-D6B99C9AC455}.Debug|Any CPU.Build.0 = Debug|Any CPU
		{C0D1E83D-53BB-616F-788F-D6B99C9AC455}.Release|Any CPU.ActiveCfg = Release|Any CPU
		{C0D1E83D-53BB-616F-788F-D6B99C9AC455}.Release|Any CPU.Build.0 = Release|Any CPU
		{8575E40F-C730-E7BD-3542-F59BFA1771EE}.Debug|Any CPU.ActiveCfg = Debug|Any CPU
		{8575E40F-C730-E7BD-3542-F59BFA1771EE}.Debug|Any CPU.Build.0 = Debug|Any CPU
		{8575E40F-C730-E7BD-3542-F59BFA1771EE}.Release|Any CPU.ActiveCfg = Release|Any CPU
		{8575E40F-C730-E7BD-3542-F59BFA1771EE}.Release|Any CPU.Build.0 = Release|Any CPU
		{B964B883-8AB1-4414-2494-EEFE9AED1B28}.Debug|Any CPU.ActiveCfg = Debug|Any CPU
		{B964B883-8AB1-4414-2494-EEFE9AED1B28}.Debug|Any CPU.Build.0 = Debug|Any CPU
		{B964B883-8AB1-4414-2494-EEFE9AED1B28}.Release|Any CPU.ActiveCfg = Release|Any CPU
		{B964B883-8AB1-4414-2494-EEFE9AED1B28}.Release|Any CPU.Build.0 = Release|Any CPU
		{100597E1-9334-9F70-ECB6-2BDFC267911F}.Debug|Any CPU.ActiveCfg = Debug|Any CPU
		{100597E1-9334-9F70-ECB6-2BDFC267911F}.Debug|Any CPU.Build.0 = Debug|Any CPU
		{100597E1-9334-9F70-ECB6-2BDFC267911F}.Release|Any CPU.ActiveCfg = Release|Any CPU
		{100597E1-9334-9F70-ECB6-2BDFC267911F}.Release|Any CPU.Build.0 = Release|Any CPU
		{84163D0A-72F2-DA38-233B-A9C91203E310}.Debug|Any CPU.ActiveCfg = Debug|Any CPU
		{84163D0A-72F2-DA38-233B-A9C91203E310}.Debug|Any CPU.Build.0 = Debug|Any CPU
		{84163D0A-72F2-DA38-233B-A9C91203E310}.Release|Any CPU.ActiveCfg = Release|Any CPU
		{84163D0A-72F2-DA38-233B-A9C91203E310}.Release|Any CPU.Build.0 = Release|Any CPU
		{2163519E-3106-4658-7AAE-1B2DB4FFD460}.Debug|Any CPU.ActiveCfg = Debug|Any CPU
		{2163519E-3106-4658-7AAE-1B2DB4FFD460}.Debug|Any CPU.Build.0 = Debug|Any CPU
		{2163519E-3106-4658-7AAE-1B2DB4FFD460}.Release|Any CPU.ActiveCfg = Release|Any CPU
		{2163519E-3106-4658-7AAE-1B2DB4FFD460}.Release|Any CPU.Build.0 = Release|Any CPU
		{37AF5C76-F5BE-1462-B810-08894740F354}.Debug|Any CPU.ActiveCfg = Debug|Any CPU
		{37AF5C76-F5BE-1462-B810-08894740F354}.Debug|Any CPU.Build.0 = Debug|Any CPU
		{37AF5C76-F5BE-1462-B810-08894740F354}.Release|Any CPU.ActiveCfg = Release|Any CPU
		{37AF5C76-F5BE-1462-B810-08894740F354}.Release|Any CPU.Build.0 = Release|Any CPU
		{80BD60C2-9066-3AE9-0641-C9CF701E7DAA}.Debug|Any CPU.ActiveCfg = Debug|Any CPU
		{80BD60C2-9066-3AE9-0641-C9CF701E7DAA}.Debug|Any CPU.Build.0 = Debug|Any CPU
		{80BD60C2-9066-3AE9-0641-C9CF701E7DAA}.Release|Any CPU.ActiveCfg = Release|Any CPU
		{80BD60C2-9066-3AE9-0641-C9CF701E7DAA}.Release|Any CPU.Build.0 = Release|Any CPU
		{0E05221C-F2AA-9358-10A4-9D25C0ECC2AD}.Debug|Any CPU.ActiveCfg = Debug|Any CPU
		{0E05221C-F2AA-9358-10A4-9D25C0ECC2AD}.Debug|Any CPU.Build.0 = Debug|Any CPU
		{0E05221C-F2AA-9358-10A4-9D25C0ECC2AD}.Release|Any CPU.ActiveCfg = Release|Any CPU
		{0E05221C-F2AA-9358-10A4-9D25C0ECC2AD}.Release|Any CPU.Build.0 = Release|Any CPU
		{51B0C6D2-5978-89C9-E935-809F60B157CE}.Debug|Any CPU.ActiveCfg = Debug|Any CPU
		{51B0C6D2-5978-89C9-E935-809F60B157CE}.Debug|Any CPU.Build.0 = Debug|Any CPU
		{51B0C6D2-5978-89C9-E935-809F60B157CE}.Release|Any CPU.ActiveCfg = Release|Any CPU
		{51B0C6D2-5978-89C9-E935-809F60B157CE}.Release|Any CPU.Build.0 = Release|Any CPU
		{9E6AB3B9-5753-3DFB-59A9-0A7CEAF188FA}.Debug|Any CPU.ActiveCfg = Debug|Any CPU
		{9E6AB3B9-5753-3DFB-59A9-0A7CEAF188FA}.Debug|Any CPU.Build.0 = Debug|Any CPU
		{9E6AB3B9-5753-3DFB-59A9-0A7CEAF188FA}.Release|Any CPU.ActiveCfg = Release|Any CPU
		{9E6AB3B9-5753-3DFB-59A9-0A7CEAF188FA}.Release|Any CPU.Build.0 = Release|Any CPU
		{E4A28C52-5DDC-4634-489C-D94A457BA8F5}.Debug|Any CPU.ActiveCfg = Debug|Any CPU
		{E4A28C52-5DDC-4634-489C-D94A457BA8F5}.Debug|Any CPU.Build.0 = Debug|Any CPU
		{E4A28C52-5DDC-4634-489C-D94A457BA8F5}.Release|Any CPU.ActiveCfg = Release|Any CPU
		{E4A28C52-5DDC-4634-489C-D94A457BA8F5}.Release|Any CPU.Build.0 = Release|Any CPU
		{D8566DBF-F31F-4207-1630-6998D41CC4B5}.Debug|Any CPU.ActiveCfg = Debug|Any CPU
		{D8566DBF-F31F-4207-1630-6998D41CC4B5}.Debug|Any CPU.Build.0 = Debug|Any CPU
		{D8566DBF-F31F-4207-1630-6998D41CC4B5}.Release|Any CPU.ActiveCfg = Release|Any CPU
		{D8566DBF-F31F-4207-1630-6998D41CC4B5}.Release|Any CPU.Build.0 = Release|Any CPU
		{9B7960B2-4260-2B6A-6DAE-AC9021F91904}.Debug|Any CPU.ActiveCfg = Debug|Any CPU
		{9B7960B2-4260-2B6A-6DAE-AC9021F91904}.Debug|Any CPU.Build.0 = Debug|Any CPU
		{9B7960B2-4260-2B6A-6DAE-AC9021F91904}.Release|Any CPU.ActiveCfg = Release|Any CPU
		{9B7960B2-4260-2B6A-6DAE-AC9021F91904}.Release|Any CPU.Build.0 = Release|Any CPU
		{29E38342-5173-1A5B-9B01-4E8804BDDE0D}.Debug|Any CPU.ActiveCfg = Debug|Any CPU
		{29E38342-5173-1A5B-9B01-4E8804BDDE0D}.Debug|Any CPU.Build.0 = Debug|Any CPU
		{29E38342-5173-1A5B-9B01-4E8804BDDE0D}.Release|Any CPU.ActiveCfg = Release|Any CPU
		{29E38342-5173-1A5B-9B01-4E8804BDDE0D}.Release|Any CPU.Build.0 = Release|Any CPU
		{D583A537-E913-7758-48E0-4981ACB65F95}.Debug|Any CPU.ActiveCfg = Debug|Any CPU
		{D583A537-E913-7758-48E0-4981ACB65F95}.Debug|Any CPU.Build.0 = Debug|Any CPU
		{D583A537-E913-7758-48E0-4981ACB65F95}.Release|Any CPU.ActiveCfg = Release|Any CPU
		{D583A537-E913-7758-48E0-4981ACB65F95}.Release|Any CPU.Build.0 = Release|Any CPU
		{F9B7BF78-BDF0-0B98-FA90-164CA061E1EF}.Debug|Any CPU.ActiveCfg = Debug|Any CPU
		{F9B7BF78-BDF0-0B98-FA90-164CA061E1EF}.Debug|Any CPU.Build.0 = Debug|Any CPU
		{F9B7BF78-BDF0-0B98-FA90-164CA061E1EF}.Release|Any CPU.ActiveCfg = Release|Any CPU
		{F9B7BF78-BDF0-0B98-FA90-164CA061E1EF}.Release|Any CPU.Build.0 = Release|Any CPU
		{9826FC8D-156E-27BE-03E4-17705400F3AA}.Debug|Any CPU.ActiveCfg = Debug|Any CPU
		{9826FC8D-156E-27BE-03E4-17705400F3AA}.Debug|Any CPU.Build.0 = Debug|Any CPU
		{9826FC8D-156E-27BE-03E4-17705400F3AA}.Release|Any CPU.ActiveCfg = Release|Any CPU
		{9826FC8D-156E-27BE-03E4-17705400F3AA}.Release|Any CPU.Build.0 = Release|Any CPU
		{20C49665-BC61-6936-C94C-F4038BBF0F7D}.Debug|Any CPU.ActiveCfg = Debug|Any CPU
		{20C49665-BC61-6936-C94C-F4038BBF0F7D}.Debug|Any CPU.Build.0 = Debug|Any CPU
		{20C49665-BC61-6936-C94C-F4038BBF0F7D}.Release|Any CPU.ActiveCfg = Release|Any CPU
		{20C49665-BC61-6936-C94C-F4038BBF0F7D}.Release|Any CPU.Build.0 = Release|Any CPU
		{53EEFDE5-423A-8D9C-3FF6-B1E9D4AC658E}.Debug|Any CPU.ActiveCfg = Debug|Any CPU
		{53EEFDE5-423A-8D9C-3FF6-B1E9D4AC658E}.Debug|Any CPU.Build.0 = Debug|Any CPU
		{53EEFDE5-423A-8D9C-3FF6-B1E9D4AC658E}.Release|Any CPU.ActiveCfg = Release|Any CPU
		{53EEFDE5-423A-8D9C-3FF6-B1E9D4AC658E}.Release|Any CPU.Build.0 = Release|Any CPU
		{D71DCA05-14F9-E137-F578-FF9E1F8BF869}.Debug|Any CPU.ActiveCfg = Debug|Any CPU
		{D71DCA05-14F9-E137-F578-FF9E1F8BF869}.Debug|Any CPU.Build.0 = Debug|Any CPU
		{D71DCA05-14F9-E137-F578-FF9E1F8BF869}.Release|Any CPU.ActiveCfg = Release|Any CPU
		{D71DCA05-14F9-E137-F578-FF9E1F8BF869}.Release|Any CPU.Build.0 = Release|Any CPU
		{EE6B610D-3BE2-F0CE-FBA5-0171AF4C15DB}.Debug|Any CPU.ActiveCfg = Debug|Any CPU
		{EE6B610D-3BE2-F0CE-FBA5-0171AF4C15DB}.Debug|Any CPU.Build.0 = Debug|Any CPU
		{EE6B610D-3BE2-F0CE-FBA5-0171AF4C15DB}.Release|Any CPU.ActiveCfg = Release|Any CPU
		{EE6B610D-3BE2-F0CE-FBA5-0171AF4C15DB}.Release|Any CPU.Build.0 = Release|Any CPU
		{A0F6B7EF-F188-7A23-7F74-51523BCB840E}.Debug|Any CPU.ActiveCfg = Debug|Any CPU
		{A0F6B7EF-F188-7A23-7F74-51523BCB840E}.Debug|Any CPU.Build.0 = Debug|Any CPU
		{A0F6B7EF-F188-7A23-7F74-51523BCB840E}.Release|Any CPU.ActiveCfg = Release|Any CPU
		{A0F6B7EF-F188-7A23-7F74-51523BCB840E}.Release|Any CPU.Build.0 = Release|Any CPU
		{6363F717-F8E7-EB52-B936-8109A7D48B51}.Debug|Any CPU.ActiveCfg = Debug|Any CPU
		{6363F717-F8E7-EB52-B936-8109A7D48B51}.Debug|Any CPU.Build.0 = Debug|Any CPU
		{6363F717-F8E7-EB52-B936-8109A7D48B51}.Release|Any CPU.ActiveCfg = Release|Any CPU
		{6363F717-F8E7-EB52-B936-8109A7D48B51}.Release|Any CPU.Build.0 = Release|Any CPU
		{38BBFABB-F965-AD83-B961-20C0C6861B71}.Debug|Any CPU.ActiveCfg = Debug|Any CPU
		{38BBFABB-F965-AD83-B961-20C0C6861B71}.Debug|Any CPU.Build.0 = Debug|Any CPU
		{38BBFABB-F965-AD83-B961-20C0C6861B71}.Release|Any CPU.ActiveCfg = Release|Any CPU
		{38BBFABB-F965-AD83-B961-20C0C6861B71}.Release|Any CPU.Build.0 = Release|Any CPU
		{AC11129D-7DFF-D4B3-772A-1BE53220924A}.Debug|Any CPU.ActiveCfg = Debug|Any CPU
		{AC11129D-7DFF-D4B3-772A-1BE53220924A}.Debug|Any CPU.Build.0 = Debug|Any CPU
		{AC11129D-7DFF-D4B3-772A-1BE53220924A}.Release|Any CPU.ActiveCfg = Release|Any CPU
		{AC11129D-7DFF-D4B3-772A-1BE53220924A}.Release|Any CPU.Build.0 = Release|Any CPU
		{6066E543-6188-A440-E372-875A7F02E00F}.Debug|Any CPU.ActiveCfg = Debug|Any CPU
		{6066E543-6188-A440-E372-875A7F02E00F}.Debug|Any CPU.Build.0 = Debug|Any CPU
		{6066E543-6188-A440-E372-875A7F02E00F}.Release|Any CPU.ActiveCfg = Release|Any CPU
		{6066E543-6188-A440-E372-875A7F02E00F}.Release|Any CPU.Build.0 = Release|Any CPU
	EndGlobalSection
	GlobalSection(SolutionProperties) = preSolution
		HideSolutionNode = FALSE
	EndGlobalSection
EndGlobal
